{
  "name": "install_project",
  "version": "1.0.0",
  "lockfileVersion": 3,
  "requires": true,
  "packages": {
    "": {
      "name": "install_project",
      "version": "1.0.0",
      "license": "ISC",
      "dependencies": {
        "gleb_math_package": "^1.0.0"
      }
    },
    "node_modules/gleb_math_package": {
      "version": "1.0.0",
      "resolved": "https://registry.npmjs.org/gleb_math_package/-/gleb_math_package-1.0.0.tgz",
      "integrity": "sha512-WYKzON9TZ1LAWI0x5wzsmuK5FEJ7O59dAwehjU9PTF1ee6FAmVQqNbtaACzpdyqoFGz+7Qy+g6FTyZ1RN3pDsA==",
      "license": "ISC"
    }
  }
}
